
Microsoft Visual Studio Solution File, Format Version 12.00
# Visual Studio 15
VisualStudioVersion = 15.0.28306.52
MinimumVisualStudioVersion = 10.0.40219.1
Project("{FAE04EC0-301F-11D3-BF4B-00C04F79EFBC}") = "iRoboticsDS", "iRoboticsDS\iRoboticsDS.csproj", "{A3F3639B-1E1C-4BD3-9688-8BBFE9FB47E9}"
EndProject
Global
	GlobalSection(SolutionConfigurationPlatforms) = preSolution
		Debug|Any CPU = Debug|Any CPU
		Debug|x86 = Debug|x86
		Release|Any CPU = Release|Any CPU
		Release|x86 = Release|x86
	EndGlobalSection
	GlobalSection(ProjectConfigurationPlatforms) = postSolution
		{A3F3639B-1E1C-4BD3-9688-8BBFE9FB47E9}.Debug|Any CPU.ActiveCfg = Debug|Any CPU
		{A3F3639B-1E1C-4BD3-9688-8BBFE9FB47E9}.Debug|Any CPU.Build.0 = Debug|Any CPU
		{A3F3639B-1E1C-4BD3-9688-8BBFE9FB47E9}.Debug|x86.ActiveCfg = Debug|x86
		{A3F3639B-1E1C-4BD3-9688-8BBFE9FB47E9}.Debug|x86.Build.0 = Debug|x86
		{A3F3639B-1E1C-4BD3-9688-8BBFE9FB47E9}.Release|Any CPU.ActiveCfg = Release|Any CPU
		{A3F3639B-1E1C-4BD3-9688-8BBFE9FB47E9}.Release|Any CPU.Build.0 = Release|Any CPU
		{A3F3639B-1E1C-4BD3-9688-8BBFE9FB47E9}.Release|x86.ActiveCfg = Release|x86
		{A3F3639B-1E1C-4BD3-9688-8BBFE9FB47E9}.Release|x86.Build.0 = Release|x86
	EndGlobalSection
	GlobalSection(SolutionProperties) = preSolution
		HideSolutionNode = FALSE
	EndGlobalSection
	GlobalSection(ExtensibilityGlobals) = postSolution
		SolutionGuid = {310041DF-5CDA-4667-B29E-2B4559426187}
	EndGlobalSection
EndGlobal
